// !$*UTF8*$!
{
	archiveVersion = 1;
	classes = {
	};
	objectVersion = 55;
	objects = {

/* Begin PBXBuildFile section */
		DF21E09027C0EDAE00472F67 /* AppDelegate.swift in Sources */ = {isa = PBXBuildFile; fileRef = DF21E08F27C0EDAE00472F67 /* AppDelegate.swift */; };
		DF21E09227C0EDAE00472F67 /* SceneDelegate.swift in Sources */ = {isa = PBXBuildFile; fileRef = DF21E09127C0EDAE00472F67 /* SceneDelegate.swift */; };
		DF21E09427C0EDAE00472F67 /* ViewController.swift in Sources */ = {isa = PBXBuildFile; fileRef = DF21E09327C0EDAE00472F67 /* ViewController.swift */; };
		DF21E09727C0EDAE00472F67 /* Main.storyboard in Resources */ = {isa = PBXBuildFile; fileRef = DF21E09527C0EDAE00472F67 /* Main.storyboard */; };
		DF21E09927C0EDAE00472F67 /* Assets.xcassets in Resources */ = {isa = PBXBuildFile; fileRef = DF21E09827C0EDAE00472F67 /* Assets.xcassets */; };
		DF21E09C27C0EDAE00472F67 /* LaunchScreen.storyboard in Resources */ = {isa = PBXBuildFile; fileRef = DF21E09A27C0EDAE00472F67 /* LaunchScreen.storyboard */; };
		DF21E0A727C0EDAF00472F67 /* FlixTests.swift in Sources */ = {isa = PBXBuildFile; fileRef = DF21E0A627C0EDAF00472F67 /* FlixTests.swift */; };
		DF21E0B127C0EDAF00472F67 /* FlixUITests.swift in Sources */ = {isa = PBXBuildFile; fileRef = DF21E0B027C0EDAF00472F67 /* FlixUITests.swift */; };
		DF21E0B327C0EDAF00472F67 /* FlixUITestsLaunchTests.swift in Sources */ = {isa = PBXBuildFile; fileRef = DF21E0B227C0EDAF00472F67 /* FlixUITestsLaunchTests.swift */; };
		DF21E0C027C1902800472F67 /* MovieCell.swift in Sources */ = {isa = PBXBuildFile; fileRef = DF21E0BF27C1902800472F67 /* MovieCell.swift */; };
		DF21E0C327C3099400472F67 /* AlamofireImage in Frameworks */ = {isa = PBXBuildFile; productRef = DF21E0C227C3099400472F67 /* AlamofireImage */; };
		DF21E0C527C9372000472F67 /* MovieDetailsViewController.swift in Sources */ = {isa = PBXBuildFile; fileRef = DF21E0C427C9372000472F67 /* MovieDetailsViewController.swift */; };
		DF21E0C727C9A2A600472F67 /* MovieGridViewController.swift in Sources */ = {isa = PBXBuildFile; fileRef = DF21E0C627C9A2A500472F67 /* MovieGridViewController.swift */; };
		DF21E0C927C9BE2E00472F67 /* MovieGridCell.swift in Sources */ = {isa = PBXBuildFile; fileRef = DF21E0C827C9BE2E00472F67 /* MovieGridCell.swift */; };
/* End PBXBuildFile section */

/* Begin PBXContainerItemProxy section */
		DF21E0A327C0EDAF00472F67 /* PBXContainerItemProxy */ = {
			isa = PBXContainerItemProxy;
			containerPortal = DF21E08427C0EDAD00472F67 /* Project object */;
			proxyType = 1;
			remoteGlobalIDString = DF21E08B27C0EDAD00472F67;
			remoteInfo = Flix;
		};
		DF21E0AD27C0EDAF00472F67 /* PBXContainerItemProxy */ = {
			isa = PBXContainerItemProxy;
			containerPortal = DF21E08427C0EDAD00472F67 /* Project object */;
			proxyType = 1;
			remoteGlobalIDString = DF21E08B27C0EDAD00472F67;
			remoteInfo = Flix;
		};
/* End PBXContainerItemProxy section */

/* Begin PBXFileReference section */
		DF21E08C27C0EDAE00472F67 /* Flix.app */ = {isa = PBXFileReference; explicitFileType = wrapper.application; includeInIndex = 0; path = Flix.app; sourceTree = BUILT_PRODUCTS_DIR; };
		DF21E08F27C0EDAE00472F67 /* AppDelegate.swift */ = {isa = PBXFileReference; lastKnownFileType = sourcecode.swift; path = AppDelegate.swift; sourceTree = "<group>"; };
		DF21E09127C0EDAE00472F67 /* SceneDelegate.swift */ = {isa = PBXFileReference; lastKnownFileType = sourcecode.swift; path = SceneDelegate.swift; sourceTree = "<group>"; };
		DF21E09327C0EDAE00472F67 /* ViewController.swift */ = {isa = PBXFileReference; lastKnownFileType = sourcecode.swift; path = ViewController.swift; sourceTree = "<group>"; };
		DF21E09627C0EDAE00472F67 /* Base */ = {isa = PBXFileReference; lastKnownFileType = file.storyboard; name = Base; path = Base.lproj/Main.storyboard; sourceTree = "<group>"; };
		DF21E09827C0EDAE00472F67 /* Assets.xcassets */ = {isa = PBXFileReference; lastKnownFileType = folder.assetcatalog; path = Assets.xcassets; sourceTree = "<group>"; };
		DF21E09B27C0EDAE00472F67 /* Base */ = {isa = PBXFileReference; lastKnownFileType = file.storyboard; name = Base; path = Base.lproj/LaunchScreen.storyboard; sourceTree = "<group>"; };
		DF21E09D27C0EDAE00472F67 /* Info.plist */ = {isa = PBXFileReference; lastKnownFileType = text.plist.xml; path = Info.plist; sourceTree = "<group>"; };
		DF21E0A227C0EDAF00472F67 /* FlixTests.xctest */ = {isa = PBXFileReference; explicitFileType = wrapper.cfbundle; includeInIndex = 0; path = FlixTests.xctest; sourceTree = BUILT_PRODUCTS_DIR; };
		DF21E0A627C0EDAF00472F67 /* FlixTests.swift */ = {isa = PBXFileReference; lastKnownFileType = sourcecode.swift; path = FlixTests.swift; sourceTree = "<group>"; };
		DF21E0AC27C0EDAF00472F67 /* FlixUITests.xctest */ = {isa = PBXFileReference; explicitFileType = wrapper.cfbundle; includeInIndex = 0; path = FlixUITests.xctest; sourceTree = BUILT_PRODUCTS_DIR; };
		DF21E0B027C0EDAF00472F67 /* FlixUITests.swift */ = {isa = PBXFileReference; lastKnownFileType = sourcecode.swift; path = FlixUITests.swift; sourceTree = "<group>"; };
		DF21E0B227C0EDAF00472F67 /* FlixUITestsLaunchTests.swift */ = {isa = PBXFileReference; lastKnownFileType = sourcecode.swift; path = FlixUITestsLaunchTests.swift; sourceTree = "<group>"; };
		DF21E0BF27C1902800472F67 /* MovieCell.swift */ = {isa = PBXFileReference; lastKnownFileType = sourcecode.swift; path = MovieCell.swift; sourceTree = "<group>"; };
		DF21E0C427C9372000472F67 /* MovieDetailsViewController.swift */ = {isa = PBXFileReference; lastKnownFileType = sourcecode.swift; path = MovieDetailsViewController.swift; sourceTree = "<group>"; };
		DF21E0C627C9A2A500472F67 /* MovieGridViewController.swift */ = {isa = PBXFileReference; lastKnownFileType = sourcecode.swift; path = MovieGridViewController.swift; sourceTree = "<group>"; };
		DF21E0C827C9BE2E00472F67 /* MovieGridCell.swift */ = {isa = PBXFileReference; lastKnownFileType = sourcecode.swift; path = MovieGridCell.swift; sourceTree = "<group>"; };
/* End PBXFileReference section */

/* Begin PBXFrameworksBuildPhase section */
		DF21E08927C0EDAD00472F67 /* Frameworks */ = {
			isa = PBXFrameworksBuildPhase;
			buildActionMask = 2147483647;
			files = (
				DF21E0C327C3099400472F67 /* AlamofireImage in Frameworks */,
			);
			runOnlyForDeploymentPostprocessing = 0;
		};
		DF21E09F27C0EDAF00472F67 /* Frameworks */ = {
			isa = PBXFrameworksBuildPhase;
			buildActionMask = 2147483647;
			files = (
			);
			runOnlyForDeploymentPostprocessing = 0;
		};
		DF21E0A927C0EDAF00472F67 /* Frameworks */ = {
			isa = PBXFrameworksBuildPhase;
			buildActionMask = 2147483647;
			files = (
			);
			runOnlyForDeploymentPostprocessing = 0;
		};
/* End PBXFrameworksBuildPhase section */

/* Begin PBXGroup section */
		DF21E08327C0EDAD00472F67 = {
			isa = PBXGroup;
			children = (
				DF21E08E27C0EDAE00472F67 /* Flix */,
				DF21E0A527C0EDAF00472F67 /* FlixTests */,
				DF21E0AF27C0EDAF00472F67 /* FlixUITests */,
				DF21E08D27C0EDAE00472F67 /* Products */,
			);
			sourceTree = "<group>";
		};
		DF21E08D27C0EDAE00472F67 /* Products */ = {
			isa = PBXGroup;
			children = (
				DF21E08C27C0EDAE00472F67 /* Flix.app */,
				DF21E0A227C0EDAF00472F67 /* FlixTests.xctest */,
				DF21E0AC27C0EDAF00472F67 /* FlixUITests.xctest */,
			);
			name = Products;
			sourceTree = "<group>";
		};
		DF21E08E27C0EDAE00472F67 /* Flix */ = {
			isa = PBXGroup;
			children = (
				DF21E08F27C0EDAE00472F67 /* AppDelegate.swift */,
				DF21E09127C0EDAE00472F67 /* SceneDelegate.swift */,
				DF21E09327C0EDAE00472F67 /* ViewController.swift */,
				DF21E09527C0EDAE00472F67 /* Main.storyboard */,
				DF21E0C627C9A2A500472F67 /* MovieGridViewController.swift */,
				DF21E0C427C9372000472F67 /* MovieDetailsViewController.swift */,
				DF21E09827C0EDAE00472F67 /* Assets.xcassets */,
				DF21E09A27C0EDAE00472F67 /* LaunchScreen.storyboard */,
				DF21E09D27C0EDAE00472F67 /* Info.plist */,
				DF21E0BF27C1902800472F67 /* MovieCell.swift */,
				DF21E0C827C9BE2E00472F67 /* MovieGridCell.swift */,
			);
			path = Flix;
			sourceTree = "<group>";
		};
		DF21E0A527C0EDAF00472F67 /* FlixTests */ = {
			isa = PBXGroup;
			children = (
				DF21E0A627C0EDAF00472F67 /* FlixTests.swift */,
			);
			path = FlixTests;
			sourceTree = "<group>";
		};
		DF21E0AF27C0EDAF00472F67 /* FlixUITests */ = {
			isa = PBXGroup;
			children = (
				DF21E0B027C0EDAF00472F67 /* FlixUITests.swift */,
				DF21E0B227C0EDAF00472F67 /* FlixUITestsLaunchTests.swift */,
			);
			path = FlixUITests;
			sourceTree = "<group>";
		};
/* End PBXGroup section */

/* Begin PBXNativeTarget section */
		DF21E08B27C0EDAD00472F67 /* Flix */ = {
			isa = PBXNativeTarget;
			buildConfigurationList = DF21E0B627C0EDAF00472F67 /* Build configuration list for PBXNativeTarget "Flix" */;
			buildPhases = (
				DF21E08827C0EDAD00472F67 /* Sources */,
				DF21E08927C0EDAD00472F67 /* Frameworks */,
				DF21E08A27C0EDAD00472F67 /* Resources */,
			);
			buildRules = (
			);
			dependencies = (
			);
			name = Flix;
			packageProductDependencies = (
				DF21E0C227C3099400472F67 /* AlamofireImage */,
			);
			productName = Flix;
			productReference = DF21E08C27C0EDAE00472F67 /* Flix.app */;
			productType = "com.apple.product-type.application";
		};
		DF21E0A127C0EDAF00472F67 /* FlixTests */ = {
			isa = PBXNativeTarget;
			buildConfigurationList = DF21E0B927C0EDAF00472F67 /* Build configuration list for PBXNativeTarget "FlixTests" */;
			buildPhases = (
				DF21E09E27C0EDAF00472F67 /* Sources */,
				DF21E09F27C0EDAF00472F67 /* Frameworks */,
				DF21E0A027C0EDAF00472F67 /* Resources */,
			);
			buildRules = (
			);
			dependencies = (
				DF21E0A427C0EDAF00472F67 /* PBXTargetDependency */,
			);
			name = FlixTests;
			productName = FlixTests;
			productReference = DF21E0A227C0EDAF00472F67 /* FlixTests.xctest */;
			productType = "com.apple.product-type.bundle.unit-test";
		};
		DF21E0AB27C0EDAF00472F67 /* FlixUITests */ = {
			isa = PBXNativeTarget;
			buildConfigurationList = DF21E0BC27C0EDAF00472F67 /* Build configuration list for PBXNativeTarget "FlixUITests" */;
			buildPhases = (
				DF21E0A827C0EDAF00472F67 /* Sources */,
				DF21E0A927C0EDAF00472F67 /* Frameworks */,
				DF21E0AA27C0EDAF00472F67 /* Resources */,
			);
			buildRules = (
			);
			dependencies = (
				DF21E0AE27C0EDAF00472F67 /* PBXTargetDependency */,
			);
			name = FlixUITests;
			productName = FlixUITests;
			productReference = DF21E0AC27C0EDAF00472F67 /* FlixUITests.xctest */;
			productType = "com.apple.product-type.bundle.ui-testing";
		};
/* End PBXNativeTarget section */

/* Begin PBXProject section */
		DF21E08427C0EDAD00472F67 /* Project object */ = {
			isa = PBXProject;
			attributes = {
				BuildIndependentTargetsInParallel = 1;
				LastSwiftUpdateCheck = 1320;
				LastUpgradeCheck = 1320;
				TargetAttributes = {
					DF21E08B27C0EDAD00472F67 = {
						CreatedOnToolsVersion = 13.2.1;
					};
					DF21E0A127C0EDAF00472F67 = {
						CreatedOnToolsVersion = 13.2.1;
						TestTargetID = DF21E08B27C0EDAD00472F67;
					};
					DF21E0AB27C0EDAF00472F67 = {
						CreatedOnToolsVersion = 13.2.1;
						TestTargetID = DF21E08B27C0EDAD00472F67;
					};
				};
			};
			buildConfigurationList = DF21E08727C0EDAD00472F67 /* Build configuration list for PBXProject "Flix" */;
			compatibilityVersion = "Xcode 13.0";
			developmentRegion = en;
			hasScannedForEncodings = 0;
			knownRegions = (
				en,
				Base,
			);
			mainGroup = DF21E08327C0EDAD00472F67;
			packageReferences = (
				DF21E0C127C3099400472F67 /* XCRemoteSwiftPackageReference "AlamofireImage" */,
			);
			productRefGroup = DF21E08D27C0EDAE00472F67 /* Products */;
			projectDirPath = "";
			projectRoot = "";
			targets = (
				DF21E08B27C0EDAD00472F67 /* Flix */,
				DF21E0A127C0EDAF00472F67 /* FlixTests */,
				DF21E0AB27C0EDAF00472F67 /* FlixUITests */,
			);
		};
/* End PBXProject section */

/* Begin PBXResourcesBuildPhase section */
		DF21E08A27C0EDAD00472F67 /* Resources */ = {
			isa = PBXResourcesBuildPhase;
			buildActionMask = 2147483647;
			files = (
				DF21E09C27C0EDAE00472F67 /* LaunchScreen.storyboard in Resources */,
				DF21E09927C0EDAE00472F67 /* Assets.xcassets in Resources */,
				DF21E09727C0EDAE00472F67 /* Main.storyboard in Resources */,
			);
			runOnlyForDeploymentPostprocessing = 0;
		};
		DF21E0A027C0EDAF00472F67 /* Resources */ = {
			isa = PBXResourcesBuildPhase;
			buildActionMask = 2147483647;
			files = (
			);
			runOnlyForDeploymentPostprocessing = 0;
		};
		DF21E0AA27C0EDAF00472F67 /* Resources */ = {
			isa = PBXResourcesBuildPhase;
			buildActionMask = 2147483647;
			files = (
			);
			runOnlyForDeploymentPostprocessing = 0;
		};
/* End PBXResourcesBuildPhase section */

/* Begin PBXSourcesBuildPhase section */
		DF21E08827C0EDAD00472F67 /* Sources */ = {
			isa = PBXSourcesBuildPhase;
			buildActionMask = 2147483647;
			files = (
				DF21E0C527C9372000472F67 /* MovieDetailsViewController.swift in Sources */,
				DF21E09427C0EDAE00472F67 /* ViewController.swift in Sources */,
				DF21E09027C0EDAE00472F67 /* AppDelegate.swift in Sources */,
				DF21E0C027C1902800472F67 /* MovieCell.swift in Sources */,
				DF21E09227C0EDAE00472F67 /* SceneDelegate.swift in Sources */,
				DF21E0C727C9A2A600472F67 /* MovieGridViewController.swift in Sources */,
				DF21E0C927C9BE2E00472F67 /* MovieGridCell.swift in Sources */,
			);
			runOnlyForDeploymentPostprocessing = 0;
		};
		DF21E09E27C0EDAF00472F67 /* Sources */ = {
			isa = PBXSourcesBuildPhase;
			buildActionMask = 2147483647;
			files = (
				DF21E0A727C0EDAF00472F67 /* FlixTests.swift in Sources */,
			);
			runOnlyForDeploymentPostprocessing = 0;
		};
		DF21E0A827C0EDAF00472F67 /* Sources */ = {
			isa = PBXSourcesBuildPhase;
			buildActionMask = 2147483647;
			files = (
				DF21E0B127C0EDAF00472F67 /* FlixUITests.swift in Sources */,
				DF21E0B327C0EDAF00472F67 /* FlixUITestsLaunchTests.swift in Sources */,
			);
			runOnlyForDeploymentPostprocessing = 0;
		};
/* End PBXSourcesBuildPhase section */

/* Begin PBXTargetDependency section */
		DF21E0A427C0EDAF00472F67 /* PBXTargetDependency */ = {
			isa = PBXTargetDependency;
			target = DF21E08B27C0EDAD00472F67 /* Flix */;
			targetProxy = DF21E0A327C0EDAF00472F67 /* PBXContainerItemProxy */;
		};
		DF21E0AE27C0EDAF00472F67 /* PBXTargetDependency */ = {
			isa = PBXTargetDependency;
			target = DF21E08B27C0EDAD00472F67 /* Flix */;
			targetProxy = DF21E0AD27C0EDAF00472F67 /* PBXContainerItemProxy */;
		};
/* End PBXTargetDependency section */

/* Begin PBXVariantGroup section */
		DF21E09527C0EDAE00472F67 /* Main.storyboard */ = {
			isa = PBXVariantGroup;
			children = (
				DF21E09627C0EDAE00472F67 /* Base */,
			);
			name = Main.storyboard;
			sourceTree = "<group>";
		};
		DF21E09A27C0EDAE00472F67 /* LaunchScreen.storyboard */ = {
			isa = PBXVariantGroup;
			children = (
				DF21E09B27C0EDAE00472F67 /* Base */,
			);
			name = LaunchScreen.storyboard;
			sourceTree = "<group>";
		};
/* End PBXVariantGroup section */

/* Begin XCBuildConfiguration section */
		DF21E0B427C0EDAF00472F67 /* Debug */ = {
			isa = XCBuildConfiguration;
			buildSettings = {
				ALWAYS_SEARCH_USER_PATHS = NO;
				CLANG_ANALYZER_NONNULL = YES;
				CLANG_ANALYZER_NUMBER_OBJECT_CONVERSION = YES_AGGRESSIVE;
				CLANG_CXX_LANGUAGE_STANDARD = "gnu++17";
				CLANG_CXX_LIBRARY = "libc++";
				CLANG_ENABLE_MODULES = YES;
				CLANG_ENABLE_OBJC_ARC = YES;
				CLANG_ENABLE_OBJC_WEAK = YES;
				CLANG_WARN_BLOCK_CAPTURE_AUTORELEASING = YES;
				CLANG_WARN_BOOL_CONVERSION = YES;
				CLANG_WARN_COMMA = YES;
				CLANG_WARN_CONSTANT_CONVERSION = YES;
				CLANG_WARN_DEPRECATED_OBJC_IMPLEMENTATIONS = YES;
				CLANG_WARN_DIRECT_OBJC_ISA_USAGE = YES_ERROR;
				CLANG_WARN_DOCUMENTATION_COMMENTS = YES;
				CLANG_WARN_EMPTY_BODY = YES;
				CLANG_WARN_ENUM_CONVERSION = YES;
				CLANG_WARN_INFINITE_RECURSION = YES;
				CLANG_WARN_INT_CONVERSION = YES;
				CLANG_WARN_NON_LITERAL_NULL_CONVERSION = YES;
				CLANG_WARN_OBJC_IMPLICIT_RETAIN_SELF = YES;
				CLANG_WARN_OBJC_LITERAL_CONVERSION = YES;
				CLANG_WARN_OBJC_ROOT_CLASS = YES_ERROR;
				CLANG_WARN_QUOTED_INCLUDE_IN_FRAMEWORK_HEADER = YES;
				CLANG_WARN_RANGE_LOOP_ANALYSIS = YES;
				CLANG_WARN_STRICT_PROTOTYPES = YES;
				CLANG_WARN_SUSPICIOUS_MOVE = YES;
				CLANG_WARN_UNGUARDED_AVAILABILITY = YES_AGGRESSIVE;
				CLANG_WARN_UNREACHABLE_CODE = YES;
				CLANG_WARN__DUPLICATE_METHOD_MATCH = YES;
				COPY_PHASE_STRIP = NO;
				DEBUG_INFORMATION_FORMAT = dwarf;
				ENABLE_STRICT_OBJC_MSGSEND = YES;
				ENABLE_TESTABILITY = YES;
				GCC_C_LANGUAGE_STANDARD = gnu11;
				GCC_DYNAMIC_NO_PIC = NO;
				GCC_NO_COMMON_BLOCKS = YES;
				GCC_OPTIMIZATION_LEVEL = 0;
				GCC_PREPROCESSOR_DEFINITIONS = (
					"DEBUG=1",
					"$(inherited)",
				);
				GCC_WARN_64_TO_32_BIT_CONVERSION = YES;
				GCC_WARN_ABOUT_RETURN_TYPE = YES_ERROR;
				GCC_WARN_UNDECLARED_SELECTOR = YES;
				GCC_WARN_UNINITIALIZED_AUTOS = YES_AGGRESSIVE;
				GCC_WARN_UNUSED_FUNCTION = YES;
				GCC_WARN_UNUSED_VARIABLE = YES;
				IPHONEOS_DEPLOYMENT_TARGET = 15.2;
				MTL_ENABLE_DEBUG_INFO = INCLUDE_SOURCE;
				MTL_FAST_MATH = YES;
				ONLY_ACTIVE_ARCH = YES;
				SDKROOT = iphoneos;
				SWIFT_ACTIVE_COMPILATION_CONDITIONS = DEBUG;
				SWIFT_OPTIMIZATION_LEVEL = "-Onone";
			};
			name = Debug;
		};
		DF21E0B527C0EDAF00472F67 /* Release */ = {
			isa = XCBuildConfiguration;
			buildSettings = {
				ALWAYS_SEARCH_USER_PATHS = NO;
				CLANG_ANALYZER_NONNULL = YES;
				CLANG_ANALYZER_NUMBER_OBJECT_CONVERSION = YES_AGGRESSIVE;
				CLANG_CXX_LANGUAGE_STANDARD = "gnu++17";
				CLANG_CXX_LIBRARY = "libc++";
				CLANG_ENABLE_MODULES = YES;
				CLANG_ENABLE_OBJC_ARC = YES;
				CLANG_ENABLE_OBJC_WEAK = YES;
				CLANG_WARN_BLOCK_CAPTURE_AUTORELEASING = YES;
				CLANG_WARN_BOOL_CONVERSION = YES;
				CLANG_WARN_COMMA = YES;
				CLANG_WARN_CONSTANT_CONVERSION = YES;
				CLANG_WARN_DEPRECATED_OBJC_IMPLEMENTATIONS = YES;
				CLANG_WARN_DIRECT_OBJC_ISA_USAGE = YES_ERROR;
				CLANG_WARN_DOCUMENTATION_COMMENTS = YES;
				CLANG_WARN_EMPTY_BODY = YES;
				CLANG_WARN_ENUM_CONVERSION = YES;
				CLANG_WARN_INFINITE_RECURSION = YES;
				CLANG_WARN_INT_CONVERSION = YES;
				CLANG_WARN_NON_LITERAL_NULL_CONVERSION = YES;
				CLANG_WARN_OBJC_IMPLICIT_RETAIN_SELF = YES;
				CLANG_WARN_OBJC_LITERAL_CONVERSION = YES;
				CLANG_WARN_OBJC_ROOT_CLASS = YES_ERROR;
				CLANG_WARN_QUOTED_INCLUDE_IN_FRAMEWORK_HEADER = YES;
				CLANG_WARN_RANGE_LOOP_ANALYSIS = YES;
				CLANG_WARN_STRICT_PROTOTYPES = YES;
				CLANG_WARN_SUSPICIOUS_MOVE = YES;
				CLANG_WARN_UNGUARDED_AVAILABILITY = YES_AGGRESSIVE;
				CLANG_WARN_UNREACHABLE_CODE = YES;
				CLANG_WARN__DUPLICATE_METHOD_MATCH = YES;
				COPY_PHASE_STRIP = NO;
				DEBUG_INFORMATION_FORMAT = "dwarf-with-dsym";
				ENABLE_NS_ASSERTIONS = NO;
				ENABLE_STRICT_OBJC_MSGSEND = YES;
				GCC_C_LANGUAGE_STANDARD = gnu11;
				GCC_NO_COMMON_BLOCKS = YES;
				GCC_WARN_64_TO_32_BIT_CONVERSION = YES;
				GCC_WARN_ABOUT_RETURN_TYPE = YES_ERROR;
				GCC_WARN_UNDECLARED_SELECTOR = YES;
				GCC_WARN_UNINITIALIZED_AUTOS = YES_AGGRESSIVE;
				GCC_WARN_UNUSED_FUNCTION = YES;
				GCC_WARN_UNUSED_VARIABLE = YES;
				IPHONEOS_DEPLOYMENT_TARGET = 15.2;
				MTL_ENABLE_DEBUG_INFO = NO;
				MTL_FAST_MATH = YES;
				SDKROOT = iphoneos;
				SWIFT_COMPILATION_MODE = wholemodule;
				SWIFT_OPTIMIZATION_LEVEL = "-O";
				VALIDATE_PRODUCT = YES;
			};
			name = Release;
		};
		DF21E0B727C0EDAF00472F67 /* Debug */ = {
			isa = XCBuildConfiguration;
			buildSettings = {
				ASSETCATALOG_COMPILER_APPICON_NAME = AppIcon;
				ASSETCATALOG_COMPILER_GLOBAL_ACCENT_COLOR_NAME = AccentColor;
				CODE_SIGN_STYLE = Automatic;
				CURRENT_PROJECT_VERSION = 1;
				DEVELOPMENT_TEAM = GQQ6N3BX72;
				GENERATE_INFOPLIST_FILE = YES;
				INFOPLIST_FILE = Flix/Info.plist;
				INFOPLIST_KEY_UIApplicationSupportsIndirectInputEvents = YES;
				INFOPLIST_KEY_UILaunchStoryboardName = LaunchScreen;
				INFOPLIST_KEY_UIMainStoryboardFile = Main;
				INFOPLIST_KEY_UISupportedInterfaceOrientations = "UIInterfaceOrientationPortrait UIInterfaceOrientationLandscapeLeft UIInterfaceOrientationLandscapeRight";
				INFOPLIST_KEY_UISupportedInterfaceOrientations_iPad = "UIInterfaceOrientationPortrait UIInterfaceOrientationPortraitUpsideDown UIInterfaceOrientationLandscapeLeft UIInterfaceOrientationLandscapeRight";
				INFOPLIST_KEY_UISupportedInterfaceOrientations_iPhone = "UIInterfaceOrientationPortrait UIInterfaceOrientationLandscapeLeft UIInterfaceOrientationLandscapeRight";
				LD_RUNPATH_SEARCH_PATHS = (
					"$(inherited)",
					"@executable_path/Frameworks",
				);
				MARKETING_VERSION = 1.0;
				PRODUCT_BUNDLE_IDENTIFIER = com.codepath.Flix;
				PRODUCT_NAME = "$(TARGET_NAME)";
				SWIFT_EMIT_LOC_STRINGS = YES;
				SWIFT_VERSION = 5.0;
				TARGETED_DEVICE_FAMILY = "1,2";
			};
			name = Debug;
		};
		DF21E0B827C0EDAF00472F67 /* Release */ = {
			isa = XCBuildConfiguration;
			buildSettings = {
				ASSETCATALOG_COMPILER_APPICON_NAME = AppIcon;
				ASSETCATALOG_COMPILER_GLOBAL_ACCENT_COLOR_NAME = AccentColor;
				CODE_SIGN_STYLE = Automatic;
				CURRENT_PROJECT_VERSION = 1;
				DEVELOPMENT_TEAM = GQQ6N3BX72;
				GENERATE_INFOPLIST_FILE = YES;
				INFOPLIST_FILE = Flix/Info.plist;
				INFOPLIST_KEY_UIApplicationSupportsIndirectInputEvents = YES;
				INFOPLIST_KEY_UILaunchStoryboardName = LaunchScreen;
				INFOPLIST_KEY_UIMainStoryboardFile = Main;
				INFOPLIST_KEY_UISupportedInterfaceOrientations = "UIInterfaceOrientationPortrait UIInterfaceOrientationLandscapeLeft UIInterfaceOrientationLandscapeRight";
				INFOPLIST_KEY_UISupportedInterfaceOrientations_iPad = "UIInterfaceOrientationPortrait UIInterfaceOrientationPortraitUpsideDown UIInterfaceOrientationLandscapeLeft UIInterfaceOrientationLandscapeRight";
				INFOPLIST_KEY_UISupportedInterfaceOrientations_iPhone = "UIInterfaceOrientationPortrait UIInterfaceOrientationLandscapeLeft UIInterfaceOrientationLandscapeRight";
				LD_RUNPATH_SEARCH_PATHS = (
					"$(inherited)",
					"@executable_path/Frameworks",
				);
				MARKETING_VERSION = 1.0;
				PRODUCT_BUNDLE_IDENTIFIER = com.codepath.Flix;
				PRODUCT_NAME = "$(TARGET_NAME)";
				SWIFT_EMIT_LOC_STRINGS = YES;
				SWIFT_VERSION = 5.0;
				TARGETED_DEVICE_FAMILY = "1,2";
			};
			name = Release;
		};
		DF21E0BA27C0EDAF00472F67 /* Debug */ = {
			isa = XCBuildConfiguration;
			buildSettings = {
				ALWAYS_EMBED_SWIFT_STANDARD_LIBRARIES = YES;
				BUNDLE_LOADER = "$(TEST_HOST)";
				CODE_SIGN_STYLE = Automatic;
				CURRENT_PROJECT_VERSION = 1;
				GENERATE_INFOPLIST_FILE = YES;
				IPHONEOS_DEPLOYMENT_TARGET = 15.2;
				MARKETING_VERSION = 1.0;
				PRODUCT_BUNDLE_IDENTIFIER = com.codepath.FlixTests;
				PRODUCT_NAME = "$(TARGET_NAME)";
				SWIFT_EMIT_LOC_STRINGS = NO;
				SWIFT_VERSION = 5.0;
				TARGETED_DEVICE_FAMILY = "1,2";
				TEST_HOST = "$(BUILT_PRODUCTS_DIR)/Flix.app/Flix";
			};
			name = Debug;
		};
		DF21E0BB27C0EDAF00472F67 /* Release */ = {
			isa = XCBuildConfiguration;
			buildSettings = {
				ALWAYS_EMBED_SWIFT_STANDARD_LIBRARIES = YES;
				BUNDLE_LOADER = "$(TEST_HOST)";
				CODE_SIGN_STYLE = Automatic;
				CURRENT_PROJECT_VERSION = 1;
				GENERATE_INFOPLIST_FILE = YES;
				IPHONEOS_DEPLOYMENT_TARGET = 15.2;
				MARKETING_VERSION = 1.0;
				PRODUCT_BUNDLE_IDENTIFIER = com.codepath.FlixTests;
				PRODUCT_NAME = "$(TARGET_NAME)";
				SWIFT_EMIT_LOC_STRINGS = NO;
				SWIFT_VERSION = 5.0;
				TARGETED_DEVICE_FAMILY = "1,2";
				TEST_HOST = "$(BUILT_PRODUCTS_DIR)/Flix.app/Flix";
			};
			name = Release;
		};
		DF21E0BD27C0EDAF00472F67 /* Debug */ = {
			isa = XCBuildConfiguration;
			buildSettings = {
				ALWAYS_EMBED_SWIFT_STANDARD_LIBRARIES = YES;
				CODE_SIGN_STYLE = Automatic;
				CURRENT_PROJECT_VERSION = 1;
				GENERATE_INFOPLIST_FILE = YES;
				MARKETING_VERSION = 1.0;
				PRODUCT_BUNDLE_IDENTIFIER = com.codepath.FlixUITests;
				PRODUCT_NAME = "$(TARGET_NAME)";
				SWIFT_EMIT_LOC_STRINGS = NO;
				SWIFT_VERSION = 5.0;
				TARGETED_DEVICE_FAMILY = "1,2";
				TEST_TARGET_NAME = Flix;
			};
			name = Debug;
		};
		DF21E0BE27C0EDAF00472F67 /* Release */ = {
			isa = XCBuildConfiguration;
			buildSettings = {
				ALWAYS_EMBED_SWIFT_STANDARD_LIBRARIES = YES;
				CODE_SIGN_STYLE = Automatic;
				CURRENT_PROJECT_VERSION = 1;
				GENERATE_INFOPLIST_FILE = YES;
				MARKETING_VERSION = 1.0;
				PRODUCT_BUNDLE_IDENTIFIER = com.codepath.FlixUITests;
				PRODUCT_NAME = "$(TARGET_NAME)";
				SWIFT_EMIT_LOC_STRINGS = NO;
				SWIFT_VERSION = 5.0;
				TARGETED_DEVICE_FAMILY = "1,2";
				TEST_TARGET_NAME = Flix;
			};
			name = Release;
		};
/* End XCBuildConfiguration section */

/* Begin XCConfigurationList section */
		DF21E08727C0EDAD00472F67 /* Build configuration list for PBXProject "Flix" */ = {
			isa = XCConfigurationList;
			buildConfigurations = (
				DF21E0B427C0EDAF00472F67 /* Debug */,
				DF21E0B527C0EDAF00472F67 /* Release */,
			);
			defaultConfigurationIsVisible = 0;
			defaultConfigurationName = Release;
		};
		DF21E0B627C0EDAF00472F67 /* Build configuration list for PBXNativeTarget "Flix" */ = {
			isa = XCConfigurationList;
			buildConfigurations = (
				DF21E0B727C0EDAF00472F67 /* Debug */,
				DF21E0B827C0EDAF00472F67 /* Release */,
			);
			defaultConfigurationIsVisible = 0;
			defaultConfigurationName = Release;
		};
		DF21E0B927C0EDAF00472F67 /* Build configuration list for PBXNativeTarget "FlixTests" */ = {
			isa = XCConfigurationList;
			buildConfigurations = (
				DF21E0BA27C0EDAF00472F67 /* Debug */,
				DF21E0BB27C0EDAF00472F67 /* Release */,
			);
			defaultConfigurationIsVisible = 0;
			defaultConfigurationName = Release;
		};
		DF21E0BC27C0EDAF00472F67 /* Build configuration list for PBXNativeTarget "FlixUITests" */ = {
			isa = XCConfigurationList;
			buildConfigurations = (
				DF21E0BD27C0EDAF00472F67 /* Debug */,
				DF21E0BE27C0EDAF00472F67 /* Release */,
			);
			defaultConfigurationIsVisible = 0;
			defaultConfigurationName = Release;
		};
/* End XCConfigurationList section */

/* Begin XCRemoteSwiftPackageReference section */
		DF21E0C127C3099400472F67 /* XCRemoteSwiftPackageReference "AlamofireImage" */ = {
			isa = XCRemoteSwiftPackageReference;
			repositoryURL = "https://github.com/Alamofire/AlamofireImage";
			requirement = {
				kind = upToNextMajorVersion;
				minimumVersion = 4.0.0;
			};
		};
/* End XCRemoteSwiftPackageReference section */

/* Begin XCSwiftPackageProductDependency section */
		DF21E0C227C3099400472F67 /* AlamofireImage */ = {
			isa = XCSwiftPackageProductDependency;
			package = DF21E0C127C3099400472F67 /* XCRemoteSwiftPackageReference "AlamofireImage" */;
			productName = AlamofireImage;
		};
/* End XCSwiftPackageProductDependency section */
	};
	rootObject = DF21E08427C0EDAD00472F67 /* Project object */;
}
